Microsoft Visual Studio Solution File, Format Version 12.00
# Visual Studio 15
VisualStudioVersion = 15.0.28307.136
MinimumVisualStudioVersion = 10.0.40219.1
Project("{9A19103F-16F7-4668-BE54-9A1E7A4F7556}") = "TSLR.Domain", "TSLR.Domain\TSLR.Domain.csproj", "{E6CE964B-B3C1-4BBE-A22F-F54F83035419}"
EndProject
Project("{A07B5EB6-E848-4116-A8D0-A826331D98C6}") = "TSLR", "TSLR\TSLR.sfproj", "{F168FD5F-A841-4BBC-BF63-3B8883326B4D}"
EndProject
Project("{9A19103F-16F7-4668-BE54-9A1E7A4F7556}") = "TSLR.SchoolService", "TSLR.SchoolService\TSLR.SchoolService.csproj", "{73FBF91B-D0F4-404E-9383-CCBB1F00C8F7}"
EndProject
Project("{9A19103F-16F7-4668-BE54-9A1E7A4F7556}") = "TSLR.SchoolSync", "TSLR.SchoolSync\TSLR.SchoolSync.csproj", "{A9C456D0-BED2-476F-8FE6-191F4F50E70F}"
EndProject
Project("{FAE04EC0-301F-11D3-BF4B-00C04F79EFBC}") = "TSLR.API", "TSLR.API\TSLR.API.csproj", "{E8EDA26D-8729-475D-9949-9F7D4E51C964}"
EndProject
Global
	GlobalSection(SolutionConfigurationPlatforms) = preSolution
		Debug|Any CPU = Debug|Any CPU
		Debug|x64 = Debug|x64
		Release|Any CPU = Release|Any CPU
		Release|x64 = Release|x64
	EndGlobalSection
	GlobalSection(ProjectConfigurationPlatforms) = postSolution
		{E6CE964B-B3C1-4BBE-A22F-F54F83035419}.Debug|Any CPU.ActiveCfg = Debug|Any CPU
		{E6CE964B-B3C1-4BBE-A22F-F54F83035419}.Debug|Any CPU.Build.0 = Debug|Any CPU
		{E6CE964B-B3C1-4BBE-A22F-F54F83035419}.Debug|x64.ActiveCfg = Debug|Any CPU
		{E6CE964B-B3C1-4BBE-A22F-F54F83035419}.Debug|x64.Build.0 = Debug|Any CPU
		{E6CE964B-B3C1-4BBE-A22F-F54F83035419}.Release|Any CPU.ActiveCfg = Release|Any CPU
		{E6CE964B-B3C1-4BBE-A22F-F54F83035419}.Release|Any CPU.Build.0 = Release|Any CPU
		{E6CE964B-B3C1-4BBE-A22F-F54F83035419}.Release|x64.ActiveCfg = Release|Any CPU
		{E6CE964B-B3C1-4BBE-A22F-F54F83035419}.Release|x64.Build.0 = Release|Any CPU
		{F168FD5F-A841-4BBC-BF63-3B8883326B4D}.Debug|Any CPU.ActiveCfg = Debug|x64
		{F168FD5F-A841-4BBC-BF63-3B8883326B4D}.Debug|x64.ActiveCfg = Debug|x64
		{F168FD5F-A841-4BBC-BF63-3B8883326B4D}.Debug|x64.Build.0 = Debug|x64
		{F168FD5F-A841-4BBC-BF63-3B8883326B4D}.Debug|x64.Deploy.0 = Debug|x64
		{F168FD5F-A841-4BBC-BF63-3B8883326B4D}.Release|Any CPU.ActiveCfg = Release|x64
		{F168FD5F-A841-4BBC-BF63-3B8883326B4D}.Release|x64.ActiveCfg = Release|x64
		{F168FD5F-A841-4BBC-BF63-3B8883326B4D}.Release|x64.Build.0 = Release|x64
		{F168FD5F-A841-4BBC-BF63-3B8883326B4D}.Release|x64.Deploy.0 = Release|x64
		{73FBF91B-D0F4-404E-9383-CCBB1F00C8F7}.Debug|Any CPU.ActiveCfg = Debug|Any CPU
		{73FBF91B-D0F4-404E-9383-CCBB1F00C8F7}.Debug|Any CPU.Build.0 = Debug|Any CPU
		{73FBF91B-D0F4-404E-9383-CCBB1F00C8F7}.Debug|x64.ActiveCfg = Debug|Any CPU
		{73FBF91B-D0F4-404E-9383-CCBB1F00C8F7}.Debug|x64.Build.0 = Debug|Any CPU
		{73FBF91B-D0F4-404E-9383-CCBB1F00C8F7}.Release|Any CPU.ActiveCfg = Release|Any CPU
		{73FBF91B-D0F4-404E-9383-CCBB1F00C8F7}.Release|Any CPU.Build.0 = Release|Any CPU
		{73FBF91B-D0F4-404E-9383-CCBB1F00C8F7}.Release|x64.ActiveCfg = Release|Any CPU
		{73FBF91B-D0F4-404E-9383-CCBB1F00C8F7}.Release|x64.Build.0 = Release|Any CPU
		{A9C456D0-BED2-476F-8FE6-191F4F50E70F}.Debug|Any CPU.ActiveCfg = Debug|Any CPU
		{A9C456D0-BED2-476F-8FE6-191F4F50E70F}.Debug|Any CPU.Build.0 = Debug|Any CPU
		{A9C456D0-BED2-476F-8FE6-191F4F50E70F}.Debug|x64.ActiveCfg = Debug|Any CPU
		{A9C456D0-BED2-476F-8FE6-191F4F50E70F}.Debug|x64.Build.0 = Debug|Any CPU
		{A9C456D0-BED2-476F-8FE6-191F4F50E70F}.Release|Any CPU.ActiveCfg = Release|Any CPU
		{A9C456D0-BED2-476F-8FE6-191F4F50E70F}.Release|Any CPU.Build.0 = Release|Any CPU
		{A9C456D0-BED2-476F-8FE6-191F4F50E70F}.Release|x64.ActiveCfg = Release|Any CPU
		{A9C456D0-BED2-476F-8FE6-191F4F50E70F}.Release|x64.Build.0 = Release|Any CPU
		{E8EDA26D-8729-475D-9949-9F7D4E51C964}.Debug|Any CPU.ActiveCfg = Debug|Any CPU
		{E8EDA26D-8729-475D-9949-9F7D4E51C964}.Debug|Any CPU.Build.0 = Debug|Any CPU
		{E8EDA26D-8729-475D-9949-9F7D4E51C964}.Debug|x64.ActiveCfg = Debug|Any CPU
		{E8EDA26D-8729-475D-9949-9F7D4E51C964}.Debug|x64.Build.0 = Debug|Any CPU
		{E8EDA26D-8729-475D-9949-9F7D4E51C964}.Release|Any CPU.ActiveCfg = Release|Any CPU
		{E8EDA26D-8729-475D-9949-9F7D4E51C964}.Release|Any CPU.Build.0 = Release|Any CPU
		{E8EDA26D-8729-475D-9949-9F7D4E51C964}.Release|x64.ActiveCfg = Release|Any CPU
		{E8EDA26D-8729-475D-9949-9F7D4E51C964}.Release|x64.Build.0 = Release|Any CPU
	EndGlobalSection
	GlobalSection(SolutionProperties) = preSolution
		HideSolutionNode = FALSE
	EndGlobalSection
	GlobalSection(ExtensibilityGlobals) = postSolution
		SolutionGuid = {AE28B682-10D0-451D-80B0-A2187386D568}
	EndGlobalSection
EndGlobal
